
Microsoft Visual Studio Solution File, Format Version 12.00
Project("{2150E333-8FDC-42A3-9474-1A3956D46DE8}") = "src", "src", "{85239680-7135-4A97-9B66-7216D73994C7}"
EndProject
Project("{FAE04EC0-301F-11D3-BF4B-00C04F79EFBC}") = "DevOpsLab.Api", "src\DevOpsLab.Api\DevOpsLab.Api.csproj", "{1AA5C1EB-9719-43CF-8B0E-B6F726D6B3B7}"
EndProject
Global
	GlobalSection(SolutionConfigurationPlatforms) = preSolution
		Debug|Any CPU = Debug|Any CPU
		Release|Any CPU = Release|Any CPU
	EndGlobalSection
	GlobalSection(NestedProjects) = preSolution
		{1AA5C1EB-9719-43CF-8B0E-B6F726D6B3B7} = {85239680-7135-4A97-9B66-7216D73994C7}
	EndGlobalSection
	GlobalSection(ProjectConfigurationPlatforms) = postSolution
		{1AA5C1EB-9719-43CF-8B0E-B6F726D6B3B7}.Debug|Any CPU.ActiveCfg = Debug|Any CPU
		{1AA5C1EB-9719-43CF-8B0E-B6F726D6B3B7}.Debug|Any CPU.Build.0 = Debug|Any CPU
		{1AA5C1EB-9719-43CF-8B0E-B6F726D6B3B7}.Release|Any CPU.ActiveCfg = Release|Any CPU
		{1AA5C1EB-9719-43CF-8B0E-B6F726D6B3B7}.Release|Any CPU.Build.0 = Release|Any CPU
	EndGlobalSection
EndGlobal
